
Microsoft Visual Studio Solution File, Format Version 12.00
# Visual Studio Version 16
VisualStudioVersion = 16.0.31624.102
MinimumVisualStudioVersion = 10.0.40219.1
Project("{FAE04EC0-301F-11D3-BF4B-00C04F79EFBC}") = "eticketbooking", "eticketbooking\eticketbooking.csproj", "{1F5BFF5C-4B5A-4E1D-A0F4-57E5B8A6D6BC}"
EndProject
Global
	GlobalSection(SolutionConfigurationPlatforms) = preSolution
		Debug|Any CPU = Debug|Any CPU
		Release|Any CPU = Release|Any CPU
	EndGlobalSection
	GlobalSection(ProjectConfigurationPlatforms) = postSolution
		{1F5BFF5C-4B5A-4E1D-A0F4-57E5B8A6D6BC}.Debug|Any CPU.ActiveCfg = Debug|Any CPU
		{1F5BFF5C-4B5A-4E1D-A0F4-57E5B8A6D6BC}.Debug|Any CPU.Build.0 = Debug|Any CPU
		{1F5BFF5C-4B5A-4E1D-A0F4-57E5B8A6D6BC}.Release|Any CPU.ActiveCfg = Release|Any CPU
		{1F5BFF5C-4B5A-4E1D-A0F4-57E5B8A6D6BC}.Release|Any CPU.Build.0 = Release|Any CPU
	EndGlobalSection
	GlobalSection(SolutionProperties) = preSolution
		HideSolutionNode = FALSE
	EndGlobalSection
	GlobalSection(ExtensibilityGlobals) = postSolution
		SolutionGuid = {B328A2A3-63C8-4163-AB5D-0D0FF3BC45AD}
	EndGlobalSection
EndGlobal
